
Microsoft Visual Studio Solution File, Format Version 12.00
# Visual Studio 2013
VisualStudioVersion = 12.0.21005.1
MinimumVisualStudioVersion = 10.0.40219.1
Project("{8BC9CEB8-8B4A-11D0-8D11-00A0C91BC942}") = "二叉树的基本运算与实现", "二叉树的基本运算与实现\二叉树的基本运算与实现.vcxproj", "{FF8BDE39-1FA3-42ED-9897-AFB98959AC98}"
EndProject
Global
	GlobalSection(SolutionConfigurationPlatforms) = preSolution
		Debug|Win32 = Debug|Win32
		Release|Win32 = Release|Win32
	EndGlobalSection
	GlobalSection(ProjectConfigurationPlatforms) = postSolution
		{FF8BDE39-1FA3-42ED-9897-AFB98959AC98}.Debug|Win32.ActiveCfg = Debug|Win32
		{FF8BDE39-1FA3-42ED-9897-AFB98959AC98}.Debug|Win32.Build.0 = Debug|Win32
		{FF8BDE39-1FA3-42ED-9897-AFB98959AC98}.Release|Win32.ActiveCfg = Release|Win32
		{FF8BDE39-1FA3-42ED-9897-AFB98959AC98}.Release|Win32.Build.0 = Release|Win32
	EndGlobalSection
	GlobalSection(SolutionProperties) = preSolution
		HideSolutionNode = FALSE
	EndGlobalSection
EndGlobal
